
Microsoft Visual Studio Solution File, Format Version 12.00
# Visual Studio 14
VisualStudioVersion = 14.0.25420.1
MinimumVisualStudioVersion = 10.0.40219.1
Project("{FAE04EC0-301F-11D3-BF4B-00C04F79EFBC}") = "C4rm4x.Functions.Framework", "C4rm4x.Functions.Framework\C4rm4x.Functions.Framework.csproj", "{5BFED6BB-E9DD-4DF1-83D3-3092F8091F8F}"
EndProject
Project("{FAE04EC0-301F-11D3-BF4B-00C04F79EFBC}") = "C4rm4x.Functions.Framework.SimpleInjector.Extensions", "C4rm4x.Functions.Framework.SimpleInjector.Extensions\C4rm4x.Functions.Framework.SimpleInjector.Extensions.csproj", "{79B8DFE0-C2E8-400D-8AE4-F349A1EF24A5}"
EndProject
Global
	GlobalSection(SolutionConfigurationPlatforms) = preSolution
		Debug|Any CPU = Debug|Any CPU
		Release|Any CPU = Release|Any CPU
	EndGlobalSection
	GlobalSection(ProjectConfigurationPlatforms) = postSolution
		{5BFED6BB-E9DD-4DF1-83D3-3092F8091F8F}.Debug|Any CPU.ActiveCfg = Debug|Any CPU
		{5BFED6BB-E9DD-4DF1-83D3-3092F8091F8F}.Debug|Any CPU.Build.0 = Debug|Any CPU
		{5BFED6BB-E9DD-4DF1-83D3-3092F8091F8F}.Release|Any CPU.ActiveCfg = Release|Any CPU
		{5BFED6BB-E9DD-4DF1-83D3-3092F8091F8F}.Release|Any CPU.Build.0 = Release|Any CPU
		{79B8DFE0-C2E8-400D-8AE4-F349A1EF24A5}.Debug|Any CPU.ActiveCfg = Debug|Any CPU
		{79B8DFE0-C2E8-400D-8AE4-F349A1EF24A5}.Debug|Any CPU.Build.0 = Debug|Any CPU
		{79B8DFE0-C2E8-400D-8AE4-F349A1EF24A5}.Release|Any CPU.ActiveCfg = Release|Any CPU
		{79B8DFE0-C2E8-400D-8AE4-F349A1EF24A5}.Release|Any CPU.Build.0 = Release|Any CPU
	EndGlobalSection
	GlobalSection(SolutionProperties) = preSolution
		HideSolutionNode = FALSE
	EndGlobalSection
EndGlobal
